
Microsoft Visual Studio Solution File, Format Version 12.00
# Visual Studio Version 16
VisualStudioVersion = 16.0.32228.343
MinimumVisualStudioVersion = 10.0.40219.1
Project("{FAE04EC0-301F-11D3-BF4B-00C04F79EFBC}") = "CWFinal_1628", "CWFinal_1628\CWFinal_1628.csproj", "{7CF62EEF-57BD-4E00-A9B9-E28A3FEABB44}"
EndProject
Global
	GlobalSection(SolutionConfigurationPlatforms) = preSolution
		Debug|Any CPU = Debug|Any CPU
		Release|Any CPU = Release|Any CPU
	EndGlobalSection
	GlobalSection(ProjectConfigurationPlatforms) = postSolution
		{7CF62EEF-57BD-4E00-A9B9-E28A3FEABB44}.Debug|Any CPU.ActiveCfg = Debug|Any CPU
		{7CF62EEF-57BD-4E00-A9B9-E28A3FEABB44}.Debug|Any CPU.Build.0 = Debug|Any CPU
		{7CF62EEF-57BD-4E00-A9B9-E28A3FEABB44}.Release|Any CPU.ActiveCfg = Release|Any CPU
		{7CF62EEF-57BD-4E00-A9B9-E28A3FEABB44}.Release|Any CPU.Build.0 = Release|Any CPU
	EndGlobalSection
	GlobalSection(SolutionProperties) = preSolution
		HideSolutionNode = FALSE
	EndGlobalSection
	GlobalSection(ExtensibilityGlobals) = postSolution
		SolutionGuid = {56B6B670-1944-47B5-8042-F659B495CF9C}
	EndGlobalSection
EndGlobal
